
Microsoft Visual Studio Solution File, Format Version 11.00
# Visual Studio 2010
Project("{FAE04EC0-301F-11D3-BF4B-00C04F79EFBC}") = "StringCalculatorKata", "StringCalculatorKata.csproj", "{97EA17D3-62CF-462A-9FD0-AFC77388A4CE}"
EndProject
Project("{FAE04EC0-301F-11D3-BF4B-00C04F79EFBC}") = "StringCalculatorKataTest", "..\StringCalculatorKataTest\StringCalculatorKataTest.csproj", "{47AA8013-3C7F-4DEC-AEB6-C0734CED1BFD}"
EndProject
Project("{2150E333-8FDC-42A3-9474-1A3956D46DE8}") = "Solution Items", "Solution Items", "{847CE575-B97E-4E2C-A33D-F0AE24092E5F}"
	ProjectSection(SolutionItems) = preProject
		Local.testsettings = Local.testsettings
		StringCalculatorKata.vsmdi = StringCalculatorKata.vsmdi
		TraceAndTestImpact.testsettings = TraceAndTestImpact.testsettings
	EndProjectSection
EndProject
Global
	GlobalSection(TestCaseManagementSettings) = postSolution
		CategoryFile = StringCalculatorKata.vsmdi
	EndGlobalSection
	GlobalSection(SolutionConfigurationPlatforms) = preSolution
		Debug|Any CPU = Debug|Any CPU
		Debug|Mixed Platforms = Debug|Mixed Platforms
		Debug|x86 = Debug|x86
		Release|Any CPU = Release|Any CPU
		Release|Mixed Platforms = Release|Mixed Platforms
		Release|x86 = Release|x86
	EndGlobalSection
	GlobalSection(ProjectConfigurationPlatforms) = postSolution
		{97EA17D3-62CF-462A-9FD0-AFC77388A4CE}.Debug|Any CPU.ActiveCfg = Debug|x86
		{97EA17D3-62CF-462A-9FD0-AFC77388A4CE}.Debug|Mixed Platforms.ActiveCfg = Debug|x86
		{97EA17D3-62CF-462A-9FD0-AFC77388A4CE}.Debug|Mixed Platforms.Build.0 = Debug|x86
		{97EA17D3-62CF-462A-9FD0-AFC77388A4CE}.Debug|x86.ActiveCfg = Debug|x86
		{97EA17D3-62CF-462A-9FD0-AFC77388A4CE}.Debug|x86.Build.0 = Debug|x86
		{97EA17D3-62CF-462A-9FD0-AFC77388A4CE}.Release|Any CPU.ActiveCfg = Release|x86
		{97EA17D3-62CF-462A-9FD0-AFC77388A4CE}.Release|Mixed Platforms.ActiveCfg = Release|x86
		{97EA17D3-62CF-462A-9FD0-AFC77388A4CE}.Release|Mixed Platforms.Build.0 = Release|x86
		{97EA17D3-62CF-462A-9FD0-AFC77388A4CE}.Release|x86.ActiveCfg = Release|x86
		{97EA17D3-62CF-462A-9FD0-AFC77388A4CE}.Release|x86.Build.0 = Release|x86
		{47AA8013-3C7F-4DEC-AEB6-C0734CED1BFD}.Debug|Any CPU.ActiveCfg = Debug|Any CPU
		{47AA8013-3C7F-4DEC-AEB6-C0734CED1BFD}.Debug|Any CPU.Build.0 = Debug|Any CPU
		{47AA8013-3C7F-4DEC-AEB6-C0734CED1BFD}.Debug|Mixed Platforms.ActiveCfg = Debug|Any CPU
		{47AA8013-3C7F-4DEC-AEB6-C0734CED1BFD}.Debug|Mixed Platforms.Build.0 = Debug|Any CPU
		{47AA8013-3C7F-4DEC-AEB6-C0734CED1BFD}.Debug|x86.ActiveCfg = Debug|Any CPU
		{47AA8013-3C7F-4DEC-AEB6-C0734CED1BFD}.Release|Any CPU.ActiveCfg = Release|Any CPU
		{47AA8013-3C7F-4DEC-AEB6-C0734CED1BFD}.Release|Any CPU.Build.0 = Release|Any CPU
		{47AA8013-3C7F-4DEC-AEB6-C0734CED1BFD}.Release|Mixed Platforms.ActiveCfg = Release|Any CPU
		{47AA8013-3C7F-4DEC-AEB6-C0734CED1BFD}.Release|Mixed Platforms.Build.0 = Release|Any CPU
		{47AA8013-3C7F-4DEC-AEB6-C0734CED1BFD}.Release|x86.ActiveCfg = Release|Any CPU
	EndGlobalSection
	GlobalSection(SolutionProperties) = preSolution
		HideSolutionNode = FALSE
	EndGlobalSection
EndGlobal
